PODS:
  - Contlo-iOS-SDK (0.1.0):
    - Sentry (~> 8.14.2)
  - Nimble (10.0.0)
  - Quick (5.0.1)
  - Sentry (8.14.2):
    - Sentry/Core (= 8.14.2)
    - SentryPrivate (= 8.14.2)
  - Sentry/Core (8.14.2):
    - SentryPrivate (= 8.14.2)
  - SentryPrivate (8.14.2)

DEPENDENCIES:
  - Contlo-iOS-SDK (from `../`)
  - Nimble (~> 10.0.0)
  - Quick (~> 5.0.1)

SPEC REPOS:
  trunk:
    - Nimble
    - Quick
    - Sentry
    - SentryPrivate

EXTERNAL SOURCES:
  Contlo-iOS-SDK:
    :path: "../"

SPEC CHECKSUMS:
  Contlo-iOS-SDK: 23a38497da06637bc04e83a059dc1f15b8df36b3
  Nimble: 5316ef81a170ce87baf72dd961f22f89a602ff84
  Quick: 749aa754fd1e7d984f2000fe051e18a3a9809179
  Sentry: e0ea366f95ebb68f26d6030d8c22d6b2e6d23dd0
  SentryPrivate: 949a21fa59872427edc73b524c3ec8456761d97f

PODFILE CHECKSUM: f2f764cc0ba4c921a4c127a38e5ad999b9634975

COCOAPODS: 1.14.3
