PODS:
  - Contlo-iOS-SDK (0.1.0):
    - Sentry (~> 8.14.2)
  - Nimble (10.0.0)
  - Quick (2.2.1)
  - Sentry (8.14.2):
    - Sentry/Core (= 8.14.2)
    - SentryPrivate (= 8.14.2)
  - Sentry/Core (8.14.2):
    - SentryPrivate (= 8.14.2)
  - SentryPrivate (8.14.2)

DEPENDENCIES:
  - Contlo-iOS-SDK (from `../`)
  - Nimble (~> 10.0.0)
  - Quick (~> 2.2.0)

SPEC REPOS:
  trunk:
    - Nimble
    - Quick
    - Sentry
    - SentryPrivate

EXTERNAL SOURCES:
  Contlo-iOS-SDK:
    :path: "../"

SPEC CHECKSUMS:
  Contlo-iOS-SDK: 5a3c6b582d8800a5c117af4f149f5fac1fc4bcf3
  Nimble: 5316ef81a170ce87baf72dd961f22f89a602ff84
  Quick: f5754d69b7013f5864c29aab9ae6f0c79c5bc200
  Sentry: e0ea366f95ebb68f26d6030d8c22d6b2e6d23dd0
  SentryPrivate: 949a21fa59872427edc73b524c3ec8456761d97f

PODFILE CHECKSUM: a1ca486daf8c066e8fbcfc450e25831be8178624

COCOAPODS: 1.14.2
